
Microsoft Visual Studio Solution File, Format Version 12.00
# Visual Studio Version 17
VisualStudioVersion = 17.2.32602.215
MinimumVisualStudioVersion = 10.0.40219.1
Project("{FAE04EC0-301F-11D3-BF4B-00C04F79EFBC}") = "SOLID.DEMOAPP", "SOLID.DEMOAPP\SOLID.DEMOAPP.csproj", "{D411DF87-62B1-4B6E-B726-3A9789C8E4FF}"
EndProject
Global
	GlobalSection(SolutionConfigurationPlatforms) = preSolution
		Debug|Any CPU = Debug|Any CPU
		Release|Any CPU = Release|Any CPU
	EndGlobalSection
	GlobalSection(ProjectConfigurationPlatforms) = postSolution
		{D411DF87-62B1-4B6E-B726-3A9789C8E4FF}.Debug|Any CPU.ActiveCfg = Debug|Any CPU
		{D411DF87-62B1-4B6E-B726-3A9789C8E4FF}.Debug|Any CPU.Build.0 = Debug|Any CPU
		{D411DF87-62B1-4B6E-B726-3A9789C8E4FF}.Release|Any CPU.ActiveCfg = Release|Any CPU
		{D411DF87-62B1-4B6E-B726-3A9789C8E4FF}.Release|Any CPU.Build.0 = Release|Any CPU
	EndGlobalSection
	GlobalSection(SolutionProperties) = preSolution
		HideSolutionNode = FALSE
	EndGlobalSection
	GlobalSection(ExtensibilityGlobals) = postSolution
		SolutionGuid = {4D22EA1C-EE70-4B7C-B150-C533338AE46F}
	EndGlobalSection
EndGlobal
